
Microsoft Visual Studio Solution File, Format Version 12.00
# Visual Studio Version 17
VisualStudioVersion = 17.5.002.0
MinimumVisualStudioVersion = 10.0.40219.1
Project("{9A19103F-16F7-4668-BE54-9A1E7A4F7556}") = "seahaven-sharp", "seahaven-sharp.csproj", "{8C6DE5CA-F787-4546-B7D5-710DBA1D8009}"
EndProject
Global
	GlobalSection(SolutionConfigurationPlatforms) = preSolution
		Debug|Any CPU = Debug|Any CPU
		Release|Any CPU = Release|Any CPU
	EndGlobalSection
	GlobalSection(ProjectConfigurationPlatforms) = postSolution
		{8C6DE5CA-F787-4546-B7D5-710DBA1D8009}.Debug|Any CPU.ActiveCfg = Debug|Any CPU
		{8C6DE5CA-F787-4546-B7D5-710DBA1D8009}.Debug|Any CPU.Build.0 = Debug|Any CPU
		{8C6DE5CA-F787-4546-B7D5-710DBA1D8009}.Release|Any CPU.ActiveCfg = Release|Any CPU
		{8C6DE5CA-F787-4546-B7D5-710DBA1D8009}.Release|Any CPU.Build.0 = Release|Any CPU
	EndGlobalSection
	GlobalSection(SolutionProperties) = preSolution
		HideSolutionNode = FALSE
	EndGlobalSection
	GlobalSection(ExtensibilityGlobals) = postSolution
		SolutionGuid = {A36AAF68-D7DD-4089-8BA6-226A22E73D06}
	EndGlobalSection
EndGlobal
